
Microsoft Visual Studio Solution File, Format Version 12.00
# Visual Studio Version 17
VisualStudioVersion = 17.1.32210.238
MinimumVisualStudioVersion = 10.0.40219.1
Project("{FAE04EC0-301F-11D3-BF4B-00C04F79EFBC}") = "LombexMenu", "LombexMenu\LombexMenu.csproj", "{CFAF5FB8-1B5F-4324-BE78-29CD7CC98201}"
EndProject
Global
	GlobalSection(SolutionConfigurationPlatforms) = preSolution
		Debug|Any CPU = Debug|Any CPU
		Release|Any CPU = Release|Any CPU
	EndGlobalSection
	GlobalSection(ProjectConfigurationPlatforms) = postSolution
		{CFAF5FB8-1B5F-4324-BE78-29CD7CC98201}.Debug|Any CPU.ActiveCfg = Debug|Any CPU
		{CFAF5FB8-1B5F-4324-BE78-29CD7CC98201}.Debug|Any CPU.Build.0 = Debug|Any CPU
		{CFAF5FB8-1B5F-4324-BE78-29CD7CC98201}.Release|Any CPU.ActiveCfg = Release|Any CPU
		{CFAF5FB8-1B5F-4324-BE78-29CD7CC98201}.Release|Any CPU.Build.0 = Release|Any CPU
	EndGlobalSection
	GlobalSection(SolutionProperties) = preSolution
		HideSolutionNode = FALSE
	EndGlobalSection
	GlobalSection(ExtensibilityGlobals) = postSolution
		SolutionGuid = {309E1FFD-C895-4B0D-A909-97182696B860}
	EndGlobalSection
EndGlobal
